{
  "version": "2",
  "remote": {
    "https://deno.land/std@0.182.0/_util/asserts.ts": "178dfc49a464aee693a7e285567b3d0b555dc805ff490505a8aae34f9cfb1462",
    "https://deno.land/std@0.182.0/_util/os.ts": "d932f56d41e4f6a6093d56044e29ce637f8dcc43c5a90af43504a889cf1775e3",
    "https://deno.land/std@0.182.0/flags/mod.ts": "4d829c5bd1d657799cdeb487c6e418960efc6f4d8ce6cadc38a54b9ce266160a",
    "https://deno.land/std@0.182.0/fs/_util.ts": "65381f341af1ff7f40198cee15c20f59951ac26e51ddc651c5293e24f9ce6f32",
    "https://deno.land/std@0.182.0/fs/copy.ts": "14214efd94fc3aa6db1e4af2b4b9578e50f7362b7f3725d5a14ad259a5df26c8",
    "https://deno.land/std@0.182.0/fs/empty_dir.ts": "c3d2da4c7352fab1cf144a1ecfef58090769e8af633678e0f3fabaef98594688",
    "https://deno.land/std@0.182.0/fs/ensure_dir.ts": "dc64c4c75c64721d4e3fb681f1382f803ff3d2868f08563ff923fdd20d071c40",
    "https://deno.land/std@0.182.0/fs/ensure_file.ts": "c38602670bfaf259d86ca824a94e6cb9e5eb73757fefa4ebf43a90dd017d53d9",
    "https://deno.land/std@0.182.0/fs/ensure_link.ts": "c0f5b2f0ec094ed52b9128eccb1ee23362a617457aa0f699b145d4883f5b2fb4",
    "https://deno.land/std@0.182.0/fs/ensure_symlink.ts": "5006ab2f458159c56d689b53b1e48d57e05eeb1eaf64e677f7f76a30bc4fdba1",
    "https://deno.land/std@0.182.0/fs/eol.ts": "f1f2eb348a750c34500741987b21d65607f352cf7205f48f4319d417fff42842",
    "https://deno.land/std@0.182.0/fs/exists.ts": "29c26bca8584a22876be7cb8844f1b6c8fc35e9af514576b78f5c6884d7ed02d",
    "https://deno.land/std@0.182.0/fs/expand_glob.ts": "e4f56259a0a70fe23f05215b00de3ac5e6ba46646ab2a06ebbe9b010f81c972a",
    "https://deno.land/std@0.182.0/fs/mod.ts": "bc3d0acd488cc7b42627044caf47d72019846d459279544e1934418955ba4898",
    "https://deno.land/std@0.182.0/fs/move.ts": "4cb47f880e3f0582c55e71c9f8b1e5e8cfaacb5e84f7390781dd563b7298ec19",
    "https://deno.land/std@0.182.0/fs/walk.ts": "920be35a7376db6c0b5b1caf1486fb962925e38c9825f90367f8f26b5e5d0897",
    "https://deno.land/std@0.182.0/path/_constants.ts": "e49961f6f4f48039c0dfed3c3f93e963ca3d92791c9d478ac5b43183413136e0",
    "https://deno.land/std@0.182.0/path/_interface.ts": "6471159dfbbc357e03882c2266d21ef9afdb1e4aa771b0545e90db58a0ba314b",
    "https://deno.land/std@0.182.0/path/_util.ts": "d7abb1e0dea065f427b89156e28cdeb32b045870acdf865833ba808a73b576d0",
    "https://deno.land/std@0.182.0/path/common.ts": "ee7505ab01fd22de3963b64e46cff31f40de34f9f8de1fff6a1bd2fe79380000",
    "https://deno.land/std@0.182.0/path/glob.ts": "d479e0a695621c94d3fd7fe7abd4f9499caf32a8de13f25073451c6ef420a4e1",
    "https://deno.land/std@0.182.0/path/mod.ts": "bf718f19a4fdd545aee1b06409ca0805bd1b68ecf876605ce632e932fe54510c",
    "https://deno.land/std@0.182.0/path/posix.ts": "8b7c67ac338714b30c816079303d0285dd24af6b284f7ad63da5b27372a2c94d",
    "https://deno.land/std@0.182.0/path/separator.ts": "0fb679739d0d1d7bf45b68dacfb4ec7563597a902edbaf3c59b50d5bcadd93b1",
    "https://deno.land/std@0.182.0/path/win32.ts": "d186344e5583bcbf8b18af416d13d82b35a317116e6460a5a3953508c3de5bba",
    "https://deno.land/x/denoflate@1.2.1/mod.ts": "f5628e44b80b3d80ed525afa2ba0f12408e3849db817d47a883b801f9ce69dd6",
    "https://deno.land/x/denoflate@1.2.1/pkg/denoflate.js": "b9f9ad9457d3f12f28b1fb35c555f57443427f74decb403113d67364e4f2caf4",
    "https://deno.land/x/denoflate@1.2.1/pkg/denoflate_bg.wasm.js": "d581956245407a2115a3d7e8d85a9641c032940a8e810acbd59ca86afd34d44d",
    "https://deno.land/x/esbuild@v0.17.15/mod.d.ts": "dc279a3a46f084484453e617c0cabcd5b8bd1920c0e562e4ea02dfc828c8f968",
    "https://deno.land/x/esbuild@v0.17.15/mod.js": "48c352114a13824dae4fe8b6dd6fb074ef3a972eba0cddddc339d2f5c679f780",
    "https://deno.land/x/tano@0.0.15/lib/backend/api.ts": "93ee6dfd1b5c644ce15dd1ee41fb9b61be7c98cabb37141675b46ebf85e82dac",
    "https://deno.land/x/tano@0.0.15/lib/backend/deps.ts": "f34ab55b28138436ca0485b7527e0dd79484e16c64068b3863d956a6b6fb7372",
    "https://deno.land/x/tano@0.0.15/lib/backend/mod.ts": "c1a14f990fcf1e421d2f3f22cd4bc16b5606637c7dfc3cfbe474fbdd3172b3b8",
    "https://deno.land/x/tano@0.0.15/lib/backend/serve.ts": "ffd7463393d1b699599e29763db4a38e95d8b0e533dce517404bcbdcc1ba6ad6",
    "https://deno.land/x/tano@0.0.15/lib/backend/utils/assets.ts": "48005d3007401d75b8355bfbaefb8944b57852c3b04229041e4ed7fde5432b68",
    "https://deno.land/x/tano@0.0.15/lib/backend/utils/mimeTypes.ts": "5ada3934a842fc7bff213ca6a1a7f063ac85ed13fe2c95a827fcd8a38dacac68",
    "https://deno.land/x/tano@0.0.15/lib/frontend/globals.ts": "0d283c409cdc710f5f24f93e4d881fdf4401d714c81eea61d227953fbc107dac",
    "https://deno.land/x/tano@0.0.15/lib/frontend/jsx.ts": "8d26d5a6acbf3587f4bff80a2e27eee26f046bcbdd3ea543ca8a782cb3333bf4",
    "https://deno.land/x/tano@0.0.15/lib/frontend/mod.ts": "9e3695a578a34faaea933a52f1ea68c851460d7741132051ca5d05f627e28a05",
    "https://deno.land/x/tano@0.0.15/lib/frontend/reactivity/context.ts": "c58df563065c524de0e216075ea78064081b3fe0393886a86518e13872ff5a36",
    "https://deno.land/x/tano@0.0.15/lib/frontend/reactivity/effect.ts": "b7c34b77d7349b79a1ec3d3a2386d1f5fc39744960fec20fc993d2cefbef563d",
    "https://deno.land/x/tano@0.0.15/lib/frontend/reactivity/mod.ts": "7271b3d84e24b7b313e4d9f6cb37a19a344289d6dbf6e70d48467c73de0c70a0",
    "https://deno.land/x/tano@0.0.15/lib/frontend/reactivity/signal.ts": "8b4c1179a08e9a0427be62c026819a67c082fb2c13da452a55d191e48e8c2993",
    "https://deno.land/x/tano@0.0.15/lib/frontend/reactivity/utils.ts": "c35e0a7b22e0c3c3f6ce3ea4f3e8680dd85ef0dd6f3e01f7cccbeb7c70edc056",
    "https://deno.land/x/tano@0.0.15/lib/frontend/render.ts": "60a9d30e4acc0cad40028c678c2b1ee7769b390f61571fa0f42ffd6d3295bbff",
    "https://deno.land/x/tano@0.0.15/lib/frontend/restore.ts": "630e76ee595960249374d31526b795193fae4750ff94c27f4dfdc16801ef693c",
    "https://deno.land/x/tano@0.0.15/lib/frontend/router.ts": "47cb69556a23be70971d1f38715026c1d3115dedc66feebe8c1ab57a3853ff37",
    "https://deno.land/x/tano@0.0.15/lib/frontend/swap.ts": "0f4e6b19ae10e471fe955fb0c877c3c045cee9ec9f0a4666d0e5f8817777c76b",
    "https://deno.land/x/tano@0.0.15/lib/frontend/virtual-dom/comment.ts": "0b95b435f6745b9879d47fda77fa67626e1494c34ee44f9e0b6278cfdd1527e2",
    "https://deno.land/x/tano@0.0.15/lib/frontend/virtual-dom/component.ts": "c2bbd6872f8043e35b5f6757d22f4bc193c7f16b02922f1aa0fc56a3e82ae1e3",
    "https://deno.land/x/tano@0.0.15/lib/frontend/virtual-dom/element.ts": "37bafcce24b7c1fb9e70e77f034f31af3801a9eb4130769fb432bcff52b106dd",
    "https://deno.land/x/tano@0.0.15/lib/frontend/virtual-dom/fragment.ts": "182958126d46bfc5fbda4856b0464254c0561fce4ecf09ad3f55a6f74fa5f284",
    "https://deno.land/x/tano@0.0.15/lib/frontend/virtual-dom/node.ts": "949bf82bf90406fa709d75afa17171193dedd5d191bed587407c36c71a8aa5fd",
    "https://deno.land/x/tano@0.0.15/lib/frontend/virtual-dom/parent.ts": "5831eb05135b512ad26d881e2497a4a75b251925e58fb8857c23432d7702787b",
    "https://deno.land/x/tano@0.0.15/lib/frontend/virtual-dom/signal.ts": "ef9b672468fc4ab8d3cd8c7bd1ac1727adff9fc512005cf9d69ea4d707ae1b79",
    "https://deno.land/x/tano@0.0.15/lib/frontend/virtual-dom/text.ts": "f3d764bf2efd1310384c5ea0df1c71c8f65cb4a0256314e172879701ce25ad08",
    "https://deno.land/x/tano@0.0.15/lib/frontend/virtual-dom/utils.ts": "9195eeb9c17f6f48238972975262591ab123f5f2e08dc9704e1b140d86d6b118",
    "https://deno.land/x/tano@0.0.15/lib/shared/api.ts": "d66cfba1a7d5fa21f8e99fe82bf189d888328bcc7d5d724637a4de0652582a52"
  }
}
